
Microsoft Visual Studio Solution File, Format Version 12.00
# Visual Studio 15
VisualStudioVersion = 15.0.27703.2000
MinimumVisualStudioVersion = 10.0.40219.1
Project("{FAE04EC0-301F-11D3-BF4B-00C04F79EFBC}") = "AppNotification.Android", "AppNotification\AppNotification.Android\AppNotification.Android.csproj", "{E75DA14B-1F19-47E0-94F8-53E699BDEEE1}"
EndProject
Project("{FAE04EC0-301F-11D3-BF4B-00C04F79EFBC}") = "AppNotification.iOS", "AppNotification\AppNotification.iOS\AppNotification.iOS.csproj", "{C9383DEB-8C4C-4356-AC60-0FB727A5018C}"
EndProject
Project("{9A19103F-16F7-4668-BE54-9A1E7A4F7556}") = "AppNotification", "AppNotification\AppNotification\AppNotification.csproj", "{DA56361D-20E1-4239-9F27-24B65C343799}"
EndProject
Project("{9A19103F-16F7-4668-BE54-9A1E7A4F7556}") = "FireBase", "..\..\..\Downloads\firebase-database-dotnet-master\firebase-database-dotnet-master\src\Firebase\FireBase.csproj", "{EA559826-FCA0-4C1B-933E-8FF4D7DD8FFF}"
EndProject
Global
	GlobalSection(SolutionConfigurationPlatforms) = preSolution
		Ad-Hoc|Any CPU = Ad-Hoc|Any CPU
		Ad-Hoc|iPhone = Ad-Hoc|iPhone
		Ad-Hoc|iPhoneSimulator = Ad-Hoc|iPhoneSimulator
		AppStore|Any CPU = AppStore|Any CPU
		AppStore|iPhone = AppStore|iPhone
		AppStore|iPhoneSimulator = AppStore|iPhoneSimulator
		Debug|Any CPU = Debug|Any CPU
		Debug|iPhone = Debug|iPhone
		Debug|iPhoneSimulator = Debug|iPhoneSimulator
		Release|Any CPU = Release|Any CPU
		Release|iPhone = Release|iPhone
		Release|iPhoneSimulator = Release|iPhoneSimulator
	EndGlobalSection
	GlobalSection(ProjectConfigurationPlatforms) = postSolution
		{E75DA14B-1F19-47E0-94F8-53E699BDEEE1}.Ad-Hoc|Any CPU.ActiveCfg = Release|Any CPU
		{E75DA14B-1F19-47E0-94F8-53E699BDEEE1}.Ad-Hoc|Any CPU.Build.0 = Release|Any CPU
		{E75DA14B-1F19-47E0-94F8-53E699BDEEE1}.Ad-Hoc|Any CPU.Deploy.0 = Release|Any CPU
		{E75DA14B-1F19-47E0-94F8-53E699BDEEE1}.Ad-Hoc|iPhone.ActiveCfg = Release|Any CPU
		{E75DA14B-1F19-47E0-94F8-53E699BDEEE1}.Ad-Hoc|iPhone.Build.0 = Release|Any CPU
		{E75DA14B-1F19-47E0-94F8-53E699BDEEE1}.Ad-Hoc|iPhone.Deploy.0 = Release|Any CPU
		{E75DA14B-1F19-47E0-94F8-53E699BDEEE1}.Ad-Hoc|iPhoneSimulator.ActiveCfg = Release|Any CPU
		{E75DA14B-1F19-47E0-94F8-53E699BDEEE1}.Ad-Hoc|iPhoneSimulator.Build.0 = Release|Any CPU
		{E75DA14B-1F19-47E0-94F8-53E699BDEEE1}.Ad-Hoc|iPhoneSimulator.Deploy.0 = Release|Any CPU
		{E75DA14B-1F19-47E0-94F8-53E699BDEEE1}.AppStore|Any CPU.ActiveCfg = Release|Any CPU
		{E75DA14B-1F19-47E0-94F8-53E699BDEEE1}.AppStore|Any CPU.Build.0 = Release|Any CPU
		{E75DA14B-1F19-47E0-94F8-53E699BDEEE1}.AppStore|Any CPU.Deploy.0 = Release|Any CPU
		{E75DA14B-1F19-47E0-94F8-53E699BDEEE1}.AppStore|iPhone.ActiveCfg = Release|Any CPU
		{E75DA14B-1F19-47E0-94F8-53E699BDEEE1}.AppStore|iPhone.Build.0 = Release|Any CPU
		{E75DA14B-1F19-47E0-94F8-53E699BDEEE1}.AppStore|iPhone.Deploy.0 = Release|Any CPU
		{E75DA14B-1F19-47E0-94F8-53E699BDEEE1}.AppStore|iPhoneSimulator.ActiveCfg = Release|Any CPU
		{E75DA14B-1F19-47E0-94F8-53E699BDEEE1}.AppStore|iPhoneSimulator.Build.0 = Release|Any CPU
		{E75DA14B-1F19-47E0-94F8-53E699BDEEE1}.AppStore|iPhoneSimulator.Deploy.0 = Release|Any CPU
		{E75DA14B-1F19-47E0-94F8-53E699BDEEE1}.Debug|Any CPU.ActiveCfg = Debug|Any CPU
		{E75DA14B-1F19-47E0-94F8-53E699BDEEE1}.Debug|Any CPU.Build.0 = Debug|Any CPU
		{E75DA14B-1F19-47E0-94F8-53E699BDEEE1}.Debug|Any CPU.Deploy.0 = Debug|Any CPU
		{E75DA14B-1F19-47E0-94F8-53E699BDEEE1}.Debug|iPhone.ActiveCfg = Debug|Any CPU
		{E75DA14B-1F19-47E0-94F8-53E699BDEEE1}.Debug|iPhone.Build.0 = Debug|Any CPU
		{E75DA14B-1F19-47E0-94F8-53E699BDEEE1}.Debug|iPhone.Deploy.0 = Debug|Any CPU
		{E75DA14B-1F19-47E0-94F8-53E699BDEEE1}.Debug|iPhoneSimulator.ActiveCfg = Debug|Any CPU
		{E75DA14B-1F19-47E0-94F8-53E699BDEEE1}.Debug|iPhoneSimulator.Build.0 = Debug|Any CPU
		{E75DA14B-1F19-47E0-94F8-53E699BDEEE1}.Debug|iPhoneSimulator.Deploy.0 = Debug|Any CPU
		{E75DA14B-1F19-47E0-94F8-53E699BDEEE1}.Release|Any CPU.ActiveCfg = Release|Any CPU
		{E75DA14B-1F19-47E0-94F8-53E699BDEEE1}.Release|Any CPU.Build.0 = Release|Any CPU
		{E75DA14B-1F19-47E0-94F8-53E699BDEEE1}.Release|Any CPU.Deploy.0 = Release|Any CPU
		{E75DA14B-1F19-47E0-94F8-53E699BDEEE1}.Release|iPhone.ActiveCfg = Release|Any CPU
		{E75DA14B-1F19-47E0-94F8-53E699BDEEE1}.Release|iPhone.Build.0 = Release|Any CPU
		{E75DA14B-1F19-47E0-94F8-53E699BDEEE1}.Release|iPhone.Deploy.0 = Release|Any CPU
		{E75DA14B-1F19-47E0-94F8-53E699BDEEE1}.Release|iPhoneSimulator.ActiveCfg = Release|Any CPU
		{E75DA14B-1F19-47E0-94F8-53E699BDEEE1}.Release|iPhoneSimulator.Build.0 = Release|Any CPU
		{E75DA14B-1F19-47E0-94F8-53E699BDEEE1}.Release|iPhoneSimulator.Deploy.0 = Release|Any CPU
		{C9383DEB-8C4C-4356-AC60-0FB727A5018C}.Ad-Hoc|Any CPU.ActiveCfg = Ad-Hoc|iPhone
		{C9383DEB-8C4C-4356-AC60-0FB727A5018C}.Ad-Hoc|Any CPU.Build.0 = Ad-Hoc|iPhone
		{C9383DEB-8C4C-4356-AC60-0FB727A5018C}.Ad-Hoc|Any CPU.Deploy.0 = Ad-Hoc|iPhone
		{C9383DEB-8C4C-4356-AC60-0FB727A5018C}.Ad-Hoc|iPhone.ActiveCfg = Ad-Hoc|iPhone
		{C9383DEB-8C4C-4356-AC60-0FB727A5018C}.Ad-Hoc|iPhone.Build.0 = Ad-Hoc|iPhone
		{C9383DEB-8C4C-4356-AC60-0FB727A5018C}.Ad-Hoc|iPhone.Deploy.0 = Ad-Hoc|iPhone
		{C9383DEB-8C4C-4356-AC60-0FB727A5018C}.Ad-Hoc|iPhoneSimulator.ActiveCfg = Ad-Hoc|iPhoneSimulator
		{C9383DEB-8C4C-4356-AC60-0FB727A5018C}.Ad-Hoc|iPhoneSimulator.Build.0 = Ad-Hoc|iPhoneSimulator
		{C9383DEB-8C4C-4356-AC60-0FB727A5018C}.Ad-Hoc|iPhoneSimulator.Deploy.0 = Ad-Hoc|iPhoneSimulator
		{C9383DEB-8C4C-4356-AC60-0FB727A5018C}.AppStore|Any CPU.ActiveCfg = AppStore|iPhone
		{C9383DEB-8C4C-4356-AC60-0FB727A5018C}.AppStore|Any CPU.Build.0 = AppStore|iPhone
		{C9383DEB-8C4C-4356-AC60-0FB727A5018C}.AppStore|Any CPU.Deploy.0 = AppStore|iPhone
		{C9383DEB-8C4C-4356-AC60-0FB727A5018C}.AppStore|iPhone.ActiveCfg = AppStore|iPhone
		{C9383DEB-8C4C-4356-AC60-0FB727A5018C}.AppStore|iPhone.Build.0 = AppStore|iPhone
		{C9383DEB-8C4C-4356-AC60-0FB727A5018C}.AppStore|iPhone.Deploy.0 = AppStore|iPhone
		{C9383DEB-8C4C-4356-AC60-0FB727A5018C}.AppStore|iPhoneSimulator.ActiveCfg = AppStore|iPhoneSimulator
		{C9383DEB-8C4C-4356-AC60-0FB727A5018C}.AppStore|iPhoneSimulator.Build.0 = AppStore|iPhoneSimulator
		{C9383DEB-8C4C-4356-AC60-0FB727A5018C}.AppStore|iPhoneSimulator.Deploy.0 = AppStore|iPhoneSimulator
		{C9383DEB-8C4C-4356-AC60-0FB727A5018C}.Debug|Any CPU.ActiveCfg = Debug|iPhoneSimulator
		{C9383DEB-8C4C-4356-AC60-0FB727A5018C}.Debug|Any CPU.Build.0 = Debug|iPhoneSimulator
		{C9383DEB-8C4C-4356-AC60-0FB727A5018C}.Debug|Any CPU.Deploy.0 = Debug|iPhoneSimulator
		{C9383DEB-8C4C-4356-AC60-0FB727A5018C}.Debug|iPhone.ActiveCfg = Debug|iPhone
		{C9383DEB-8C4C-4356-AC60-0FB727A5018C}.Debug|iPhone.Build.0 = Debug|iPhone
		{C9383DEB-8C4C-4356-AC60-0FB727A5018C}.Debug|iPhone.Deploy.0 = Debug|iPhone
		{C9383DEB-8C4C-4356-AC60-0FB727A5018C}.Debug|iPhoneSimulator.ActiveCfg = Debug|iPhoneSimulator
		{C9383DEB-8C4C-4356-AC60-0FB727A5018C}.Debug|iPhoneSimulator.Build.0 = Debug|iPhoneSimulator
		{C9383DEB-8C4C-4356-AC60-0FB727A5018C}.Debug|iPhoneSimulator.Deploy.0 = Debug|iPhoneSimulator
		{C9383DEB-8C4C-4356-AC60-0FB727A5018C}.Release|Any CPU.ActiveCfg = Release|iPhone
		{C9383DEB-8C4C-4356-AC60-0FB727A5018C}.Release|Any CPU.Build.0 = Release|iPhone
		{C9383DEB-8C4C-4356-AC60-0FB727A5018C}.Release|Any CPU.Deploy.0 = Release|iPhone
		{C9383DEB-8C4C-4356-AC60-0FB727A5018C}.Release|iPhone.ActiveCfg = Release|iPhone
		{C9383DEB-8C4C-4356-AC60-0FB727A5018C}.Release|iPhone.Build.0 = Release|iPhone
		{C9383DEB-8C4C-4356-AC60-0FB727A5018C}.Release|iPhone.Deploy.0 = Release|iPhone
		{C9383DEB-8C4C-4356-AC60-0FB727A5018C}.Release|iPhoneSimulator.ActiveCfg = Release|iPhoneSimulator
		{C9383DEB-8C4C-4356-AC60-0FB727A5018C}.Release|iPhoneSimulator.Build.0 = Release|iPhoneSimulator
		{C9383DEB-8C4C-4356-AC60-0FB727A5018C}.Release|iPhoneSimulator.Deploy.0 = Release|iPhoneSimulator
		{DA56361D-20E1-4239-9F27-24B65C343799}.Ad-Hoc|Any CPU.ActiveCfg = Debug|Any CPU
		{DA56361D-20E1-4239-9F27-24B65C343799}.Ad-Hoc|Any CPU.Build.0 = Debug|Any CPU
		{DA56361D-20E1-4239-9F27-24B65C343799}.Ad-Hoc|Any CPU.Deploy.0 = Debug|Any CPU
		{DA56361D-20E1-4239-9F27-24B65C343799}.Ad-Hoc|iPhone.ActiveCfg = Debug|Any CPU
		{DA56361D-20E1-4239-9F27-24B65C343799}.Ad-Hoc|iPhone.Build.0 = Debug|Any CPU
		{DA56361D-20E1-4239-9F27-24B65C343799}.Ad-Hoc|iPhone.Deploy.0 = Debug|Any CPU
		{DA56361D-20E1-4239-9F27-24B65C343799}.Ad-Hoc|iPhoneSimulator.ActiveCfg = Debug|Any CPU
		{DA56361D-20E1-4239-9F27-24B65C343799}.Ad-Hoc|iPhoneSimulator.Build.0 = Debug|Any CPU
		{DA56361D-20E1-4239-9F27-24B65C343799}.Ad-Hoc|iPhoneSimulator.Deploy.0 = Debug|Any CPU
		{DA56361D-20E1-4239-9F27-24B65C343799}.AppStore|Any CPU.ActiveCfg = Debug|Any CPU
		{DA56361D-20E1-4239-9F27-24B65C343799}.AppStore|Any CPU.Build.0 = Debug|Any CPU
		{DA56361D-20E1-4239-9F27-24B65C343799}.AppStore|Any CPU.Deploy.0 = Debug|Any CPU
		{DA56361D-20E1-4239-9F27-24B65C343799}.AppStore|iPhone.ActiveCfg = Debug|Any CPU
		{DA56361D-20E1-4239-9F27-24B65C343799}.AppStore|iPhone.Build.0 = Debug|Any CPU
		{DA56361D-20E1-4239-9F27-24B65C343799}.AppStore|iPhone.Deploy.0 = Debug|Any CPU
		{DA56361D-20E1-4239-9F27-24B65C343799}.AppStore|iPhoneSimulator.ActiveCfg = Debug|Any CPU
		{DA56361D-20E1-4239-9F27-24B65C343799}.AppStore|iPhoneSimulator.Build.0 = Debug|Any CPU
		{DA56361D-20E1-4239-9F27-24B65C343799}.AppStore|iPhoneSimulator.Deploy.0 = Debug|Any CPU
		{DA56361D-20E1-4239-9F27-24B65C343799}.Debug|Any CPU.ActiveCfg = Debug|Any CPU
		{DA56361D-20E1-4239-9F27-24B65C343799}.Debug|Any CPU.Build.0 = Debug|Any CPU
		{DA56361D-20E1-4239-9F27-24B65C343799}.Debug|Any CPU.Deploy.0 = Debug|Any CPU
		{DA56361D-20E1-4239-9F27-24B65C343799}.Debug|iPhone.ActiveCfg = Debug|Any CPU
		{DA56361D-20E1-4239-9F27-24B65C343799}.Debug|iPhone.Build.0 = Debug|Any CPU
		{DA56361D-20E1-4239-9F27-24B65C343799}.Debug|iPhone.Deploy.0 = Debug|Any CPU
		{DA56361D-20E1-4239-9F27-24B65C343799}.Debug|iPhoneSimulator.ActiveCfg = Debug|Any CPU
		{DA56361D-20E1-4239-9F27-24B65C343799}.Debug|iPhoneSimulator.Build.0 = Debug|Any CPU
		{DA56361D-20E1-4239-9F27-24B65C343799}.Debug|iPhoneSimulator.Deploy.0 = Debug|Any CPU
		{DA56361D-20E1-4239-9F27-24B65C343799}.Release|Any CPU.ActiveCfg = Release|Any CPU
		{DA56361D-20E1-4239-9F27-24B65C343799}.Release|Any CPU.Build.0 = Release|Any CPU
		{DA56361D-20E1-4239-9F27-24B65C343799}.Release|Any CPU.Deploy.0 = Release|Any CPU
		{DA56361D-20E1-4239-9F27-24B65C343799}.Release|iPhone.ActiveCfg = Release|Any CPU
		{DA56361D-20E1-4239-9F27-24B65C343799}.Release|iPhone.Build.0 = Release|Any CPU
		{DA56361D-20E1-4239-9F27-24B65C343799}.Release|iPhone.Deploy.0 = Release|Any CPU
		{DA56361D-20E1-4239-9F27-24B65C343799}.Release|iPhoneSimulator.ActiveCfg = Release|Any CPU
		{DA56361D-20E1-4239-9F27-24B65C343799}.Release|iPhoneSimulator.Build.0 = Release|Any CPU
		{DA56361D-20E1-4239-9F27-24B65C343799}.Release|iPhoneSimulator.Deploy.0 = Release|Any CPU
		{EA559826-FCA0-4C1B-933E-8FF4D7DD8FFF}.Ad-Hoc|Any CPU.ActiveCfg = Debug|Any CPU
		{EA559826-FCA0-4C1B-933E-8FF4D7DD8FFF}.Ad-Hoc|Any CPU.Build.0 = Debug|Any CPU
		{EA559826-FCA0-4C1B-933E-8FF4D7DD8FFF}.Ad-Hoc|iPhone.ActiveCfg = Debug|Any CPU
		{EA559826-FCA0-4C1B-933E-8FF4D7DD8FFF}.Ad-Hoc|iPhone.Build.0 = Debug|Any CPU
		{EA559826-FCA0-4C1B-933E-8FF4D7DD8FFF}.Ad-Hoc|iPhoneSimulator.ActiveCfg = Debug|Any CPU
		{EA559826-FCA0-4C1B-933E-8FF4D7DD8FFF}.Ad-Hoc|iPhoneSimulator.Build.0 = Debug|Any CPU
		{EA559826-FCA0-4C1B-933E-8FF4D7DD8FFF}.AppStore|Any CPU.ActiveCfg = Debug|Any CPU
		{EA559826-FCA0-4C1B-933E-8FF4D7DD8FFF}.AppStore|Any CPU.Build.0 = Debug|Any CPU
		{EA559826-FCA0-4C1B-933E-8FF4D7DD8FFF}.AppStore|iPhone.ActiveCfg = Debug|Any CPU
		{EA559826-FCA0-4C1B-933E-8FF4D7DD8FFF}.AppStore|iPhone.Build.0 = Debug|Any CPU
		{EA559826-FCA0-4C1B-933E-8FF4D7DD8FFF}.AppStore|iPhoneSimulator.ActiveCfg = Debug|Any CPU
		{EA559826-FCA0-4C1B-933E-8FF4D7DD8FFF}.AppStore|iPhoneSimulator.Build.0 = Debug|Any CPU
		{EA559826-FCA0-4C1B-933E-8FF4D7DD8FFF}.Debug|Any CPU.ActiveCfg = Debug|Any CPU
		{EA559826-FCA0-4C1B-933E-8FF4D7DD8FFF}.Debug|Any CPU.Build.0 = Debug|Any CPU
		{EA559826-FCA0-4C1B-933E-8FF4D7DD8FFF}.Debug|iPhone.ActiveCfg = Debug|Any CPU
		{EA559826-FCA0-4C1B-933E-8FF4D7DD8FFF}.Debug|iPhone.Build.0 = Debug|Any CPU
		{EA559826-FCA0-4C1B-933E-8FF4D7DD8FFF}.Debug|iPhoneSimulator.ActiveCfg = Debug|Any CPU
		{EA559826-FCA0-4C1B-933E-8FF4D7DD8FFF}.Debug|iPhoneSimulator.Build.0 = Debug|Any CPU
		{EA559826-FCA0-4C1B-933E-8FF4D7DD8FFF}.Release|Any CPU.ActiveCfg = Release|Any CPU
		{EA559826-FCA0-4C1B-933E-8FF4D7DD8FFF}.Release|Any CPU.Build.0 = Release|Any CPU
		{EA559826-FCA0-4C1B-933E-8FF4D7DD8FFF}.Release|iPhone.ActiveCfg = Release|Any CPU
		{EA559826-FCA0-4C1B-933E-8FF4D7DD8FFF}.Release|iPhone.Build.0 = Release|Any CPU
		{EA559826-FCA0-4C1B-933E-8FF4D7DD8FFF}.Release|iPhoneSimulator.ActiveCfg = Release|Any CPU
		{EA559826-FCA0-4C1B-933E-8FF4D7DD8FFF}.Release|iPhoneSimulator.Build.0 = Release|Any CPU
	EndGlobalSection
	GlobalSection(SolutionProperties) = preSolution
		HideSolutionNode = FALSE
	EndGlobalSection
	GlobalSection(ExtensibilityGlobals) = postSolution
		SolutionGuid = {247D1EB1-42B1-4F08-8D1A-120C8FA7F516}
	EndGlobalSection
EndGlobal
